// !$*UTF8*$!
{
	archiveVersion = 1;
	classes = {
	};
	objectVersion = 56;
	objects = {

/* Begin PBXBuildFile section */
		F3844338296F1D9E005936A2 /* GoogleSignInWithoutFirebaseApp.swift in Sources */ = {isa = PBXBuildFile; fileRef = F3844337296F1D9E005936A2 /* GoogleSignInWithoutFirebaseApp.swift */; };
		F384433A296F1D9E005936A2 /* ContentView.swift in Sources */ = {isa = PBXBuildFile; fileRef = F3844339296F1D9E005936A2 /* ContentView.swift */; };
		F384433C296F1D9F005936A2 /* Assets.xcassets in Resources */ = {isa = PBXBuildFile; fileRef = F384433B296F1D9F005936A2 /* Assets.xcassets */; };
		F384433F296F1D9F005936A2 /* Preview Assets.xcassets in Resources */ = {isa = PBXBuildFile; fileRef = F384433E296F1D9F005936A2 /* Preview Assets.xcassets */; };
		F3844347296F1EE5005936A2 /* GoogleSignIn in Frameworks */ = {isa = PBXBuildFile; productRef = F3844346296F1EE5005936A2 /* GoogleSignIn */; };
		F3844349296F1EE5005936A2 /* GoogleSignInSwift in Frameworks */ = {isa = PBXBuildFile; productRef = F3844348296F1EE5005936A2 /* GoogleSignInSwift */; };
		F384434B296F210D005936A2 /* client_615690412525-9uf5nt3d5kjbdt3utj9bi7r366iqlkh0.apps.googleusercontent.com.plist in Resources */ = {isa = PBXBuildFile; fileRef = F384434A296F210D005936A2 /* client_615690412525-9uf5nt3d5kjbdt3utj9bi7r366iqlkh0.apps.googleusercontent.com.plist */; };
/* End PBXBuildFile section */

/* Begin PBXFileReference section */
		F3844334296F1D9E005936A2 /* GoogleSignInWithoutFirebase.app */ = {isa = PBXFileReference; explicitFileType = wrapper.application; includeInIndex = 0; path = GoogleSignInWithoutFirebase.app; sourceTree = BUILT_PRODUCTS_DIR; };
		F3844337296F1D9E005936A2 /* GoogleSignInWithoutFirebaseApp.swift */ = {isa = PBXFileReference; lastKnownFileType = sourcecode.swift; path = GoogleSignInWithoutFirebaseApp.swift; sourceTree = "<group>"; };
		F3844339296F1D9E005936A2 /* ContentView.swift */ = {isa = PBXFileReference; lastKnownFileType = sourcecode.swift; path = ContentView.swift; sourceTree = "<group>"; };
		F384433B296F1D9F005936A2 /* Assets.xcassets */ = {isa = PBXFileReference; lastKnownFileType = folder.assetcatalog; path = Assets.xcassets; sourceTree = "<group>"; };
		F384433E296F1D9F005936A2 /* Preview Assets.xcassets */ = {isa = PBXFileReference; lastKnownFileType = folder.assetcatalog; path = "Preview Assets.xcassets"; sourceTree = "<group>"; };
		F384434A296F210D005936A2 /* client_615690412525-9uf5nt3d5kjbdt3utj9bi7r366iqlkh0.apps.googleusercontent.com.plist */ = {isa = PBXFileReference; fileEncoding = 4; lastKnownFileType = text.plist.xml; path = "client_615690412525-9uf5nt3d5kjbdt3utj9bi7r366iqlkh0.apps.googleusercontent.com.plist"; sourceTree = "<group>"; };
		F384434C296F2164005936A2 /* Info.plist */ = {isa = PBXFileReference; lastKnownFileType = text.plist; path = Info.plist; sourceTree = "<group>"; };
/* End PBXFileReference section */

/* Begin PBXFrameworksBuildPhase section */
		F3844331296F1D9E005936A2 /* Frameworks */ = {
			isa = PBXFrameworksBuildPhase;
			buildActionMask = 2147483647;
			files = (
				F3844347296F1EE5005936A2 /* GoogleSignIn in Frameworks */,
				F3844349296F1EE5005936A2 /* GoogleSignInSwift in Frameworks */,
			);
			runOnlyForDeploymentPostprocessing = 0;
		};
/* End PBXFrameworksBuildPhase section */

/* Begin PBXGroup section */
		F384432B296F1D9E005936A2 = {
			isa = PBXGroup;
			children = (
				F3844336296F1D9E005936A2 /* GoogleSignInWithoutFirebase */,
				F3844335296F1D9E005936A2 /* Products */,
			);
			sourceTree = "<group>";
		};
		F3844335296F1D9E005936A2 /* Products */ = {
			isa = PBXGroup;
			children = (
				F3844334296F1D9E005936A2 /* GoogleSignInWithoutFirebase.app */,
			);
			name = Products;
			sourceTree = "<group>";
		};
		F3844336296F1D9E005936A2 /* GoogleSignInWithoutFirebase */ = {
			isa = PBXGroup;
			children = (
				F384434C296F2164005936A2 /* Info.plist */,
				F384434A296F210D005936A2 /* client_615690412525-9uf5nt3d5kjbdt3utj9bi7r366iqlkh0.apps.googleusercontent.com.plist */,
				F3844337296F1D9E005936A2 /* GoogleSignInWithoutFirebaseApp.swift */,
				F3844339296F1D9E005936A2 /* ContentView.swift */,
				F384433B296F1D9F005936A2 /* Assets.xcassets */,
				F384433D296F1D9F005936A2 /* Preview Content */,
			);
			path = GoogleSignInWithoutFirebase;
			sourceTree = "<group>";
		};
		F384433D296F1D9F005936A2 /* Preview Content */ = {
			isa = PBXGroup;
			children = (
				F384433E296F1D9F005936A2 /* Preview Assets.xcassets */,
			);
			path = "Preview Content";
			sourceTree = "<group>";
		};
/* End PBXGroup section */

/* Begin PBXNativeTarget section */
		F3844333296F1D9E005936A2 /* GoogleSignInWithoutFirebase */ = {
			isa = PBXNativeTarget;
			buildConfigurationList = F3844342296F1D9F005936A2 /* Build configuration list for PBXNativeTarget "GoogleSignInWithoutFirebase" */;
			buildPhases = (
				F3844330296F1D9E005936A2 /* Sources */,
				F3844331296F1D9E005936A2 /* Frameworks */,
				F3844332296F1D9E005936A2 /* Resources */,
			);
			buildRules = (
			);
			dependencies = (
			);
			name = GoogleSignInWithoutFirebase;
			packageProductDependencies = (
				F3844346296F1EE5005936A2 /* GoogleSignIn */,
				F3844348296F1EE5005936A2 /* GoogleSignInSwift */,
			);
			productName = GoogleSignInWithoutFirebase;
			productReference = F3844334296F1D9E005936A2 /* GoogleSignInWithoutFirebase.app */;
			productType = "com.apple.product-type.application";
		};
/* End PBXNativeTarget section */

/* Begin PBXProject section */
		F384432C296F1D9E005936A2 /* Project object */ = {
			isa = PBXProject;
			attributes = {
				BuildIndependentTargetsInParallel = 1;
				LastSwiftUpdateCheck = 1420;
				LastUpgradeCheck = 1420;
				TargetAttributes = {
					F3844333296F1D9E005936A2 = {
						CreatedOnToolsVersion = 14.2;
					};
				};
			};
			buildConfigurationList = F384432F296F1D9E005936A2 /* Build configuration list for PBXProject "GoogleSignInWithoutFirebase" */;
			compatibilityVersion = "Xcode 14.0";
			developmentRegion = en;
			hasScannedForEncodings = 0;
			knownRegions = (
				en,
				Base,
			);
			mainGroup = F384432B296F1D9E005936A2;
			packageReferences = (
				F3844345296F1EE5005936A2 /* XCRemoteSwiftPackageReference "GoogleSignIn-iOS" */,
			);
			productRefGroup = F3844335296F1D9E005936A2 /* Products */;
			projectDirPath = "";
			projectRoot = "";
			targets = (
				F3844333296F1D9E005936A2 /* GoogleSignInWithoutFirebase */,
			);
		};
/* End PBXProject section */

/* Begin PBXResourcesBuildPhase section */
		F3844332296F1D9E005936A2 /* Resources */ = {
			isa = PBXResourcesBuildPhase;
			buildActionMask = 2147483647;
			files = (
				F384433F296F1D9F005936A2 /* Preview Assets.xcassets in Resources */,
				F384433C296F1D9F005936A2 /* Assets.xcassets in Resources */,
				F384434B296F210D005936A2 /* client_615690412525-9uf5nt3d5kjbdt3utj9bi7r366iqlkh0.apps.googleusercontent.com.plist in Resources */,
			);
			runOnlyForDeploymentPostprocessing = 0;
		};
/* End PBXResourcesBuildPhase section */

/* Begin PBXSourcesBuildPhase section */
		F3844330296F1D9E005936A2 /* Sources */ = {
			isa = PBXSourcesBuildPhase;
			buildActionMask = 2147483647;
			files = (
				F384433A296F1D9E005936A2 /* ContentView.swift in Sources */,
				F3844338296F1D9E005936A2 /* GoogleSignInWithoutFirebaseApp.swift in Sources */,
			);
			runOnlyForDeploymentPostprocessing = 0;
		};
/* End PBXSourcesBuildPhase section */

/* Begin XCBuildConfiguration section */
		F3844340296F1D9F005936A2 /* Debug */ = {
			isa = XCBuildConfiguration;
			buildSettings = {
				ALWAYS_SEARCH_USER_PATHS = NO;
				CLANG_ANALYZER_NONNULL = YES;
				CLANG_ANALYZER_NUMBER_OBJECT_CONVERSION = YES_AGGRESSIVE;
				CLANG_CXX_LANGUAGE_STANDARD = "gnu++20";
				CLANG_ENABLE_MODULES = YES;
				CLANG_ENABLE_OBJC_ARC = YES;
				CLANG_ENABLE_OBJC_WEAK = YES;
				CLANG_WARN_BLOCK_CAPTURE_AUTORELEASING = YES;
				CLANG_WARN_BOOL_CONVERSION = YES;
				CLANG_WARN_COMMA = YES;
				CLANG_WARN_CONSTANT_CONVERSION = YES;
				CLANG_WARN_DEPRECATED_OBJC_IMPLEMENTATIONS = YES;
				CLANG_WARN_DIRECT_OBJC_ISA_USAGE = YES_ERROR;
				CLANG_WARN_DOCUMENTATION_COMMENTS = YES;
				CLANG_WARN_EMPTY_BODY = YES;
				CLANG_WARN_ENUM_CONVERSION = YES;
				CLANG_WARN_INFINITE_RECURSION = YES;
				CLANG_WARN_INT_CONVERSION = YES;
				CLANG_WARN_NON_LITERAL_NULL_CONVERSION = YES;
				CLANG_WARN_OBJC_IMPLICIT_RETAIN_SELF = YES;
				CLANG_WARN_OBJC_LITERAL_CONVERSION = YES;
				CLANG_WARN_OBJC_ROOT_CLASS = YES_ERROR;
				CLANG_WARN_QUOTED_INCLUDE_IN_FRAMEWORK_HEADER = YES;
				CLANG_WARN_RANGE_LOOP_ANALYSIS = YES;
				CLANG_WARN_STRICT_PROTOTYPES = YES;
				CLANG_WARN_SUSPICIOUS_MOVE = YES;
				CLANG_WARN_UNGUARDED_AVAILABILITY = YES_AGGRESSIVE;
				CLANG_WARN_UNREACHABLE_CODE = YES;
				CLANG_WARN__DUPLICATE_METHOD_MATCH = YES;
				COPY_PHASE_STRIP = NO;
				DEBUG_INFORMATION_FORMAT = dwarf;
				ENABLE_STRICT_OBJC_MSGSEND = YES;
				ENABLE_TESTABILITY = YES;
				GCC_C_LANGUAGE_STANDARD = gnu11;
				GCC_DYNAMIC_NO_PIC = NO;
				GCC_NO_COMMON_BLOCKS = YES;
				GCC_OPTIMIZATION_LEVEL = 0;
				GCC_PREPROCESSOR_DEFINITIONS = (
					"DEBUG=1",
					"$(inherited)",
				);
				GCC_WARN_64_TO_32_BIT_CONVERSION = YES;
				GCC_WARN_ABOUT_RETURN_TYPE = YES_ERROR;
				GCC_WARN_UNDECLARED_SELECTOR = YES;
				GCC_WARN_UNINITIALIZED_AUTOS = YES_AGGRESSIVE;
				GCC_WARN_UNUSED_FUNCTION = YES;
				GCC_WARN_UNUSED_VARIABLE = YES;
				IPHONEOS_DEPLOYMENT_TARGET = 16.2;
				MTL_ENABLE_DEBUG_INFO = INCLUDE_SOURCE;
				MTL_FAST_MATH = YES;
				ONLY_ACTIVE_ARCH = YES;
				SDKROOT = iphoneos;
				SWIFT_ACTIVE_COMPILATION_CONDITIONS = DEBUG;
				SWIFT_OPTIMIZATION_LEVEL = "-Onone";
			};
			name = Debug;
		};
		F3844341296F1D9F005936A2 /* Release */ = {
			isa = XCBuildConfiguration;
			buildSettings = {
				ALWAYS_SEARCH_USER_PATHS = NO;
				CLANG_ANALYZER_NONNULL = YES;
				CLANG_ANALYZER_NUMBER_OBJECT_CONVERSION = YES_AGGRESSIVE;
				CLANG_CXX_LANGUAGE_STANDARD = "gnu++20";
				CLANG_ENABLE_MODULES = YES;
				CLANG_ENABLE_OBJC_ARC = YES;
				CLANG_ENABLE_OBJC_WEAK = YES;
				CLANG_WARN_BLOCK_CAPTURE_AUTORELEASING = YES;
				CLANG_WARN_BOOL_CONVERSION = YES;
				CLANG_WARN_COMMA = YES;
				CLANG_WARN_CONSTANT_CONVERSION = YES;
				CLANG_WARN_DEPRECATED_OBJC_IMPLEMENTATIONS = YES;
				CLANG_WARN_DIRECT_OBJC_ISA_USAGE = YES_ERROR;
				CLANG_WARN_DOCUMENTATION_COMMENTS = YES;
				CLANG_WARN_EMPTY_BODY = YES;
				CLANG_WARN_ENUM_CONVERSION = YES;
				CLANG_WARN_INFINITE_RECURSION = YES;
				CLANG_WARN_INT_CONVERSION = YES;
				CLANG_WARN_NON_LITERAL_NULL_CONVERSION = YES;
				CLANG_WARN_OBJC_IMPLICIT_RETAIN_SELF = YES;
				CLANG_WARN_OBJC_LITERAL_CONVERSION = YES;
				CLANG_WARN_OBJC_ROOT_CLASS = YES_ERROR;
				CLANG_WARN_QUOTED_INCLUDE_IN_FRAMEWORK_HEADER = YES;
				CLANG_WARN_RANGE_LOOP_ANALYSIS = YES;
				CLANG_WARN_STRICT_PROTOTYPES = YES;
				CLANG_WARN_SUSPICIOUS_MOVE = YES;
				CLANG_WARN_UNGUARDED_AVAILABILITY = YES_AGGRESSIVE;
				CLANG_WARN_UNREACHABLE_CODE = YES;
				CLANG_WARN__DUPLICATE_METHOD_MATCH = YES;
				COPY_PHASE_STRIP = NO;
				DEBUG_INFORMATION_FORMAT = "dwarf-with-dsym";
				ENABLE_NS_ASSERTIONS = NO;
				ENABLE_STRICT_OBJC_MSGSEND = YES;
				GCC_C_LANGUAGE_STANDARD = gnu11;
				GCC_NO_COMMON_BLOCKS = YES;
				GCC_WARN_64_TO_32_BIT_CONVERSION = YES;
				GCC_WARN_ABOUT_RETURN_TYPE = YES_ERROR;
				GCC_WARN_UNDECLARED_SELECTOR = YES;
				GCC_WARN_UNINITIALIZED_AUTOS = YES_AGGRESSIVE;
				GCC_WARN_UNUSED_FUNCTION = YES;
				GCC_WARN_UNUSED_VARIABLE = YES;
				IPHONEOS_DEPLOYMENT_TARGET = 16.2;
				MTL_ENABLE_DEBUG_INFO = NO;
				MTL_FAST_MATH = YES;
				SDKROOT = iphoneos;
				SWIFT_COMPILATION_MODE = wholemodule;
				SWIFT_OPTIMIZATION_LEVEL = "-O";
				VALIDATE_PRODUCT = YES;
			};
			name = Release;
		};
		F3844343296F1D9F005936A2 /* Debug */ = {
			isa = XCBuildConfiguration;
			buildSettings = {
				ASSETCATALOG_COMPILER_APPICON_NAME = AppIcon;
				ASSETCATALOG_COMPILER_GLOBAL_ACCENT_COLOR_NAME = AccentColor;
				CODE_SIGN_STYLE = Automatic;
				CURRENT_PROJECT_VERSION = 1;
				DEVELOPMENT_ASSET_PATHS = "\"GoogleSignInWithoutFirebase/Preview Content\"";
				ENABLE_PREVIEWS = YES;
				GENERATE_INFOPLIST_FILE = YES;
				INFOPLIST_FILE = GoogleSignInWithoutFirebase/Info.plist;
				INFOPLIST_KEY_UIApplicationSceneManifest_Generation = YES;
				INFOPLIST_KEY_UIApplicationSupportsIndirectInputEvents = YES;
				INFOPLIST_KEY_UILaunchScreen_Generation = YES;
				INFOPLIST_KEY_UISupportedInterfaceOrientations_iPad = "UIInterfaceOrientationPortrait UIInterfaceOrientationPortraitUpsideDown UIInterfaceOrientationLandscapeLeft UIInterfaceOrientationLandscapeRight";
				INFOPLIST_KEY_UISupportedInterfaceOrientations_iPhone = "UIInterfaceOrientationPortrait UIInterfaceOrientationLandscapeLeft UIInterfaceOrientationLandscapeRight";
				LD_RUNPATH_SEARCH_PATHS = (
					"$(inherited)",
					"@executable_path/Frameworks",
				);
				MARKETING_VERSION = 1.0;
				PRODUCT_BUNDLE_IDENTIFIER = com.kyungsoo.GoogleSignInWithoutFirebase;
				PRODUCT_NAME = "$(TARGET_NAME)";
				SWIFT_EMIT_LOC_STRINGS = YES;
				SWIFT_VERSION = 5.0;
				TARGETED_DEVICE_FAMILY = "1,2";
			};
			name = Debug;
		};
		F3844344296F1D9F005936A2 /* Release */ = {
			isa = XCBuildConfiguration;
			buildSettings = {
				ASSETCATALOG_COMPILER_APPICON_NAME = AppIcon;
				ASSETCATALOG_COMPILER_GLOBAL_ACCENT_COLOR_NAME = AccentColor;
				CODE_SIGN_STYLE = Automatic;
				CURRENT_PROJECT_VERSION = 1;
				DEVELOPMENT_ASSET_PATHS = "\"GoogleSignInWithoutFirebase/Preview Content\"";
				ENABLE_PREVIEWS = YES;
				GENERATE_INFOPLIST_FILE = YES;
				INFOPLIST_FILE = GoogleSignInWithoutFirebase/Info.plist;
				INFOPLIST_KEY_UIApplicationSceneManifest_Generation = YES;
				INFOPLIST_KEY_UIApplicationSupportsIndirectInputEvents = YES;
				INFOPLIST_KEY_UILaunchScreen_Generation = YES;
				INFOPLIST_KEY_UISupportedInterfaceOrientations_iPad = "UIInterfaceOrientationPortrait UIInterfaceOrientationPortraitUpsideDown UIInterfaceOrientationLandscapeLeft UIInterfaceOrientationLandscapeRight";
				INFOPLIST_KEY_UISupportedInterfaceOrientations_iPhone = "UIInterfaceOrientationPortrait UIInterfaceOrientationLandscapeLeft UIInterfaceOrientationLandscapeRight";
				LD_RUNPATH_SEARCH_PATHS = (
					"$(inherited)",
					"@executable_path/Frameworks",
				);
				MARKETING_VERSION = 1.0;
				PRODUCT_BUNDLE_IDENTIFIER = com.kyungsoo.GoogleSignInWithoutFirebase;
				PRODUCT_NAME = "$(TARGET_NAME)";
				SWIFT_EMIT_LOC_STRINGS = YES;
				SWIFT_VERSION = 5.0;
				TARGETED_DEVICE_FAMILY = "1,2";
			};
			name = Release;
		};
/* End XCBuildConfiguration section */

/* Begin XCConfigurationList section */
		F384432F296F1D9E005936A2 /* Build configuration list for PBXProject "GoogleSignInWithoutFirebase" */ = {
			isa = XCConfigurationList;
			buildConfigurations = (
				F3844340296F1D9F005936A2 /* Debug */,
				F3844341296F1D9F005936A2 /* Release */,
			);
			defaultConfigurationIsVisible = 0;
			defaultConfigurationName = Release;
		};
		F3844342296F1D9F005936A2 /* Build configuration list for PBXNativeTarget "GoogleSignInWithoutFirebase" */ = {
			isa = XCConfigurationList;
			buildConfigurations = (
				F3844343296F1D9F005936A2 /* Debug */,
				F3844344296F1D9F005936A2 /* Release */,
			);
			defaultConfigurationIsVisible = 0;
			defaultConfigurationName = Release;
		};
/* End XCConfigurationList section */

/* Begin XCRemoteSwiftPackageReference section */
		F3844345296F1EE5005936A2 /* XCRemoteSwiftPackageReference "GoogleSignIn-iOS" */ = {
			isa = XCRemoteSwiftPackageReference;
			repositoryURL = "https://github.com/google/GoogleSignIn-iOS";
			requirement = {
				kind = upToNextMajorVersion;
				minimumVersion = 7.0.0;
			};
		};
/* End XCRemoteSwiftPackageReference section */

/* Begin XCSwiftPackageProductDependency section */
		F3844346296F1EE5005936A2 /* GoogleSignIn */ = {
			isa = XCSwiftPackageProductDependency;
			package = F3844345296F1EE5005936A2 /* XCRemoteSwiftPackageReference "GoogleSignIn-iOS" */;
			productName = GoogleSignIn;
		};
		F3844348296F1EE5005936A2 /* GoogleSignInSwift */ = {
			isa = XCSwiftPackageProductDependency;
			package = F3844345296F1EE5005936A2 /* XCRemoteSwiftPackageReference "GoogleSignIn-iOS" */;
			productName = GoogleSignInSwift;
		};
/* End XCSwiftPackageProductDependency section */
	};
	rootObject = F384432C296F1D9E005936A2 /* Project object */;
}
